
Microsoft Visual Studio Solution File, Format Version 12.00
# Visual Studio Version 16
VisualStudioVersion = 16.0.31424.327
MinimumVisualStudioVersion = 10.0.40219.1
Project("{FAE04EC0-301F-11D3-BF4B-00C04F79EFBC}") = "blogProject", "blogProject\blogProject.csproj", "{CFB7132F-7321-46B2-82B1-50C0977C36AF}"
EndProject
Global
	GlobalSection(SolutionConfigurationPlatforms) = preSolution
		Debug|Any CPU = Debug|Any CPU
		Release|Any CPU = Release|Any CPU
	EndGlobalSection
	GlobalSection(ProjectConfigurationPlatforms) = postSolution
		{CFB7132F-7321-46B2-82B1-50C0977C36AF}.Debug|Any CPU.ActiveCfg = Debug|Any CPU
		{CFB7132F-7321-46B2-82B1-50C0977C36AF}.Debug|Any CPU.Build.0 = Debug|Any CPU
		{CFB7132F-7321-46B2-82B1-50C0977C36AF}.Release|Any CPU.ActiveCfg = Release|Any CPU
		{CFB7132F-7321-46B2-82B1-50C0977C36AF}.Release|Any CPU.Build.0 = Release|Any CPU
	EndGlobalSection
	GlobalSection(SolutionProperties) = preSolution
		HideSolutionNode = FALSE
	EndGlobalSection
	GlobalSection(ExtensibilityGlobals) = postSolution
		SolutionGuid = {80C0B604-C417-4D18-9C96-1E865C685787}
	EndGlobalSection
EndGlobal
